// !$*UTF8*$!
{
	archiveVersion = 1;
	classes = {
	};
	objectVersion = 46;
	objects = {

/* Begin PBXBuildFile section */
		8307A92E1E32908E00ABDAC3 /* AppDelegate.swift in Sources */ = {isa = PBXBuildFile; fileRef = 8307A92D1E32908E00ABDAC3 /* AppDelegate.swift */; };
		8307A9301E32908E00ABDAC3 /* FaceViewController.swift in Sources */ = {isa = PBXBuildFile; fileRef = 8307A92F1E32908E00ABDAC3 /* FaceViewController.swift */; };
		8307A9331E32908E00ABDAC3 /* Main.storyboard in Resources */ = {isa = PBXBuildFile; fileRef = 8307A9311E32908E00ABDAC3 /* Main.storyboard */; };
		8307A9351E32908E00ABDAC3 /* Assets.xcassets in Resources */ = {isa = PBXBuildFile; fileRef = 8307A9341E32908E00ABDAC3 /* Assets.xcassets */; };
		8307A9381E32908E00ABDAC3 /* LaunchScreen.storyboard in Resources */ = {isa = PBXBuildFile; fileRef = 8307A9361E32908E00ABDAC3 /* LaunchScreen.storyboard */; };
		8307A9431E32B05B00ABDAC3 /* FacialExpression.swift in Sources */ = {isa = PBXBuildFile; fileRef = 8307A9421E32B05B00ABDAC3 /* FacialExpression.swift */; };
		830EFA151E45F806004474A2 /* FaceView.swift in Sources */ = {isa = PBXBuildFile; fileRef = 830EFA141E45F806004474A2 /* FaceView.swift */; };
		830EFA171E45FA52004474A2 /* BlinkingFaceViewController.swift in Sources */ = {isa = PBXBuildFile; fileRef = 830EFA161E45FA52004474A2 /* BlinkingFaceViewController.swift */; };
		830EFA1B1E4611B3004474A2 /* EyeView.swift in Sources */ = {isa = PBXBuildFile; fileRef = 830EFA1A1E4611B3004474A2 /* EyeView.swift */; };
		83A9CCCA1E3389B500E65B4A /* EmotionsViewController.swift in Sources */ = {isa = PBXBuildFile; fileRef = 83A9CCC91E3389B500E65B4A /* EmotionsViewController.swift */; };
		83A9CCCC1E33A9B500E65B4A /* VCL.swift in Sources */ = {isa = PBXBuildFile; fileRef = 83A9CCCB1E33A9B500E65B4A /* VCL.swift */; };
/* End PBXBuildFile section */

/* Begin PBXFileReference section */
		8307A92A1E32908E00ABDAC3 /* FaceIt.app */ = {isa = PBXFileReference; explicitFileType = wrapper.application; includeInIndex = 0; path = FaceIt.app; sourceTree = BUILT_PRODUCTS_DIR; };
		8307A92D1E32908E00ABDAC3 /* AppDelegate.swift */ = {isa = PBXFileReference; lastKnownFileType = sourcecode.swift; path = AppDelegate.swift; sourceTree = "<group>"; };
		8307A92F1E32908E00ABDAC3 /* FaceViewController.swift */ = {isa = PBXFileReference; lastKnownFileType = sourcecode.swift; path = FaceViewController.swift; sourceTree = "<group>"; };
		8307A9321E32908E00ABDAC3 /* Base */ = {isa = PBXFileReference; lastKnownFileType = file.storyboard; name = Base; path = Base.lproj/Main.storyboard; sourceTree = "<group>"; };
		8307A9341E32908E00ABDAC3 /* Assets.xcassets */ = {isa = PBXFileReference; lastKnownFileType = folder.assetcatalog; path = Assets.xcassets; sourceTree = "<group>"; };
		8307A9371E32908E00ABDAC3 /* Base */ = {isa = PBXFileReference; lastKnownFileType = file.storyboard; name = Base; path = Base.lproj/LaunchScreen.storyboard; sourceTree = "<group>"; };
		8307A9391E32908E00ABDAC3 /* Info.plist */ = {isa = PBXFileReference; lastKnownFileType = text.plist.xml; path = Info.plist; sourceTree = "<group>"; };
		8307A9421E32B05B00ABDAC3 /* FacialExpression.swift */ = {isa = PBXFileReference; fileEncoding = 4; lastKnownFileType = sourcecode.swift; path = FacialExpression.swift; sourceTree = "<group>"; };
		830EFA141E45F806004474A2 /* FaceView.swift */ = {isa = PBXFileReference; fileEncoding = 4; lastKnownFileType = sourcecode.swift; path = FaceView.swift; sourceTree = "<group>"; };
		830EFA161E45FA52004474A2 /* BlinkingFaceViewController.swift */ = {isa = PBXFileReference; fileEncoding = 4; lastKnownFileType = sourcecode.swift; path = BlinkingFaceViewController.swift; sourceTree = "<group>"; };
		830EFA1A1E4611B3004474A2 /* EyeView.swift */ = {isa = PBXFileReference; fileEncoding = 4; lastKnownFileType = sourcecode.swift; path = EyeView.swift; sourceTree = "<group>"; };
		83A9CCC91E3389B500E65B4A /* EmotionsViewController.swift */ = {isa = PBXFileReference; fileEncoding = 4; lastKnownFileType = sourcecode.swift; path = EmotionsViewController.swift; sourceTree = "<group>"; };
		83A9CCCB1E33A9B500E65B4A /* VCL.swift */ = {isa = PBXFileReference; fileEncoding = 4; lastKnownFileType = sourcecode.swift; path = VCL.swift; sourceTree = "<group>"; };
/* End PBXFileReference section */

/* Begin PBXFrameworksBuildPhase section */
		8307A9271E32908E00ABDAC3 /* Frameworks */ = {
			isa = PBXFrameworksBuildPhase;
			buildActionMask = 2147483647;
			files = (
			);
			runOnlyForDeploymentPostprocessing = 0;
		};
/* End PBXFrameworksBuildPhase section */

/* Begin PBXGroup section */
		8307A9211E32908E00ABDAC3 = {
			isa = PBXGroup;
			children = (
				8307A92C1E32908E00ABDAC3 /* FaceIt */,
				8307A92B1E32908E00ABDAC3 /* Products */,
			);
			sourceTree = "<group>";
		};
		8307A92B1E32908E00ABDAC3 /* Products */ = {
			isa = PBXGroup;
			children = (
				8307A92A1E32908E00ABDAC3 /* FaceIt.app */,
			);
			name = Products;
			sourceTree = "<group>";
		};
		8307A92C1E32908E00ABDAC3 /* FaceIt */ = {
			isa = PBXGroup;
			children = (
				8307A93F1E3290B100ABDAC3 /* Supporting Files */,
				8307A92F1E32908E00ABDAC3 /* FaceViewController.swift */,
				8307A9311E32908E00ABDAC3 /* Main.storyboard */,
				830EFA161E45FA52004474A2 /* BlinkingFaceViewController.swift */,
				83A9CCC91E3389B500E65B4A /* EmotionsViewController.swift */,
				830EFA141E45F806004474A2 /* FaceView.swift */,
				8307A9421E32B05B00ABDAC3 /* FacialExpression.swift */,
				830EFA1A1E4611B3004474A2 /* EyeView.swift */,
				83A9CCCB1E33A9B500E65B4A /* VCL.swift */,
			);
			path = FaceIt;
			sourceTree = "<group>";
		};
		8307A93F1E3290B100ABDAC3 /* Supporting Files */ = {
			isa = PBXGroup;
			children = (
				8307A92D1E32908E00ABDAC3 /* AppDelegate.swift */,
				8307A9341E32908E00ABDAC3 /* Assets.xcassets */,
				8307A9361E32908E00ABDAC3 /* LaunchScreen.storyboard */,
				8307A9391E32908E00ABDAC3 /* Info.plist */,
			);
			name = "Supporting Files";
			sourceTree = "<group>";
		};
/* End PBXGroup section */

/* Begin PBXNativeTarget section */
		8307A9291E32908E00ABDAC3 /* FaceIt */ = {
			isa = PBXNativeTarget;
			buildConfigurationList = 8307A93C1E32908E00ABDAC3 /* Build configuration list for PBXNativeTarget "FaceIt" */;
			buildPhases = (
				8307A9261E32908E00ABDAC3 /* Sources */,
				8307A9271E32908E00ABDAC3 /* Frameworks */,
				8307A9281E32908E00ABDAC3 /* Resources */,
			);
			buildRules = (
			);
			dependencies = (
			);
			name = FaceIt;
			productName = FaceIt;
			productReference = 8307A92A1E32908E00ABDAC3 /* FaceIt.app */;
			productType = "com.apple.product-type.application";
		};
/* End PBXNativeTarget section */

/* Begin PBXProject section */
		8307A9221E32908E00ABDAC3 /* Project object */ = {
			isa = PBXProject;
			attributes = {
				LastSwiftUpdateCheck = 0820;
				LastUpgradeCheck = 0820;
				ORGANIZATIONNAME = "Stanford University";
				TargetAttributes = {
					8307A9291E32908E00ABDAC3 = {
						CreatedOnToolsVersion = 8.2.1;
						DevelopmentTeam = DSA52NNTU2;
						ProvisioningStyle = Automatic;
					};
				};
			};
			buildConfigurationList = 8307A9251E32908E00ABDAC3 /* Build configuration list for PBXProject "FaceIt" */;
			compatibilityVersion = "Xcode 3.2";
			developmentRegion = English;
			hasScannedForEncodings = 0;
			knownRegions = (
				en,
				Base,
			);
			mainGroup = 8307A9211E32908E00ABDAC3;
			productRefGroup = 8307A92B1E32908E00ABDAC3 /* Products */;
			projectDirPath = "";
			projectRoot = "";
			targets = (
				8307A9291E32908E00ABDAC3 /* FaceIt */,
			);
		};
/* End PBXProject section */

/* Begin PBXResourcesBuildPhase section */
		8307A9281E32908E00ABDAC3 /* Resources */ = {
			isa = PBXResourcesBuildPhase;
			buildActionMask = 2147483647;
			files = (
				8307A9381E32908E00ABDAC3 /* LaunchScreen.storyboard in Resources */,
				8307A9351E32908E00ABDAC3 /* Assets.xcassets in Resources */,
				8307A9331E32908E00ABDAC3 /* Main.storyboard in Resources */,
			);
			runOnlyForDeploymentPostprocessing = 0;
		};
/* End PBXResourcesBuildPhase section */

/* Begin PBXSourcesBuildPhase section */
		8307A9261E32908E00ABDAC3 /* Sources */ = {
			isa = PBXSourcesBuildPhase;
			buildActionMask = 2147483647;
			files = (
				8307A9301E32908E00ABDAC3 /* FaceViewController.swift in Sources */,
				8307A9431E32B05B00ABDAC3 /* FacialExpression.swift in Sources */,
				83A9CCCA1E3389B500E65B4A /* EmotionsViewController.swift in Sources */,
				83A9CCCC1E33A9B500E65B4A /* VCL.swift in Sources */,
				830EFA171E45FA52004474A2 /* BlinkingFaceViewController.swift in Sources */,
				8307A92E1E32908E00ABDAC3 /* AppDelegate.swift in Sources */,
				830EFA1B1E4611B3004474A2 /* EyeView.swift in Sources */,
				830EFA151E45F806004474A2 /* FaceView.swift in Sources */,
			);
			runOnlyForDeploymentPostprocessing = 0;
		};
/* End PBXSourcesBuildPhase section */

/* Begin PBXVariantGroup section */
		8307A9311E32908E00ABDAC3 /* Main.storyboard */ = {
			isa = PBXVariantGroup;
			children = (
				8307A9321E32908E00ABDAC3 /* Base */,
			);
			name = Main.storyboard;
			sourceTree = "<group>";
		};
		8307A9361E32908E00ABDAC3 /* LaunchScreen.storyboard */ = {
			isa = PBXVariantGroup;
			children = (
				8307A9371E32908E00ABDAC3 /* Base */,
			);
			name = LaunchScreen.storyboard;
			sourceTree = "<group>";
		};
/* End PBXVariantGroup section */

/* Begin XCBuildConfiguration section */
		8307A93A1E32908E00ABDAC3 /* Debug */ = {
			isa = XCBuildConfiguration;
			buildSettings = {
				ALWAYS_SEARCH_USER_PATHS = NO;
				CLANG_ANALYZER_NONNULL = YES;
				CLANG_CXX_LANGUAGE_STANDARD = "gnu++0x";
				CLANG_CXX_LIBRARY = "libc++";
				CLANG_ENABLE_MODULES = YES;
				CLANG_ENABLE_OBJC_ARC = YES;
				CLANG_WARN_BOOL_CONVERSION = YES;
				CLANG_WARN_CONSTANT_CONVERSION = YES;
				CLANG_WARN_DIRECT_OBJC_ISA_USAGE = YES_ERROR;
				CLANG_WARN_DOCUMENTATION_COMMENTS = YES;
				CLANG_WARN_EMPTY_BODY = YES;
				CLANG_WARN_ENUM_CONVERSION = YES;
				CLANG_WARN_INFINITE_RECURSION = YES;
				CLANG_WARN_INT_CONVERSION = YES;
				CLANG_WARN_OBJC_ROOT_CLASS = YES_ERROR;
				CLANG_WARN_SUSPICIOUS_MOVE = YES;
				CLANG_WARN_UNREACHABLE_CODE = YES;
				CLANG_WARN__DUPLICATE_METHOD_MATCH = YES;
				"CODE_SIGN_IDENTITY[sdk=iphoneos*]" = "iPhone Developer";
				COPY_PHASE_STRIP = NO;
				DEBUG_INFORMATION_FORMAT = dwarf;
				ENABLE_STRICT_OBJC_MSGSEND = YES;
				ENABLE_TESTABILITY = YES;
				GCC_C_LANGUAGE_STANDARD = gnu99;
				GCC_DYNAMIC_NO_PIC = NO;
				GCC_NO_COMMON_BLOCKS = YES;
				GCC_OPTIMIZATION_LEVEL = 0;
				GCC_PREPROCESSOR_DEFINITIONS = (
					"DEBUG=1",
					"$(inherited)",
				);
				GCC_WARN_64_TO_32_BIT_CONVERSION = YES;
				GCC_WARN_ABOUT_RETURN_TYPE = YES_ERROR;
				GCC_WARN_UNDECLARED_SELECTOR = YES;
				GCC_WARN_UNINITIALIZED_AUTOS = YES_AGGRESSIVE;
				GCC_WARN_UNUSED_FUNCTION = YES;
				GCC_WARN_UNUSED_VARIABLE = YES;
				IPHONEOS_DEPLOYMENT_TARGET = 10.2;
				MTL_ENABLE_DEBUG_INFO = YES;
				ONLY_ACTIVE_ARCH = YES;
				SDKROOT = iphoneos;
				SWIFT_ACTIVE_COMPILATION_CONDITIONS = DEBUG;
				SWIFT_OPTIMIZATION_LEVEL = "-Onone";
				TARGETED_DEVICE_FAMILY = "1,2";
			};
			name = Debug;
		};
		8307A93B1E32908E00ABDAC3 /* Release */ = {
			isa = XCBuildConfiguration;
			buildSettings = {
				ALWAYS_SEARCH_USER_PATHS = NO;
				CLANG_ANALYZER_NONNULL = YES;
				CLANG_CXX_LANGUAGE_STANDARD = "gnu++0x";
				CLANG_CXX_LIBRARY = "libc++";
				CLANG_ENABLE_MODULES = YES;
				CLANG_ENABLE_OBJC_ARC = YES;
				CLANG_WARN_BOOL_CONVERSION = YES;
				CLANG_WARN_CONSTANT_CONVERSION = YES;
				CLANG_WARN_DIRECT_OBJC_ISA_USAGE = YES_ERROR;
				CLANG_WARN_DOCUMENTATION_COMMENTS = YES;
				CLANG_WARN_EMPTY_BODY = YES;
				CLANG_WARN_ENUM_CONVERSION = YES;
				CLANG_WARN_INFINITE_RECURSION = YES;
				CLANG_WARN_INT_CONVERSION = YES;
				CLANG_WARN_OBJC_ROOT_CLASS = YES_ERROR;
				CLANG_WARN_SUSPICIOUS_MOVE = YES;
				CLANG_WARN_UNREACHABLE_CODE = YES;
				CLANG_WARN__DUPLICATE_METHOD_MATCH = YES;
				"CODE_SIGN_IDENTITY[sdk=iphoneos*]" = "iPhone Developer";
				COPY_PHASE_STRIP = NO;
				DEBUG_INFORMATION_FORMAT = "dwarf-with-dsym";
				ENABLE_NS_ASSERTIONS = NO;
				ENABLE_STRICT_OBJC_MSGSEND = YES;
				GCC_C_LANGUAGE_STANDARD = gnu99;
				GCC_NO_COMMON_BLOCKS = YES;
				GCC_WARN_64_TO_32_BIT_CONVERSION = YES;
				GCC_WARN_ABOUT_RETURN_TYPE = YES_ERROR;
				GCC_WARN_UNDECLARED_SELECTOR = YES;
				GCC_WARN_UNINITIALIZED_AUTOS = YES_AGGRESSIVE;
				GCC_WARN_UNUSED_FUNCTION = YES;
				GCC_WARN_UNUSED_VARIABLE = YES;
				IPHONEOS_DEPLOYMENT_TARGET = 10.2;
				MTL_ENABLE_DEBUG_INFO = NO;
				SDKROOT = iphoneos;
				SWIFT_OPTIMIZATION_LEVEL = "-Owholemodule";
				TARGETED_DEVICE_FAMILY = "1,2";
				VALIDATE_PRODUCT = YES;
			};
			name = Release;
		};
		8307A93D1E32908E00ABDAC3 /* Debug */ = {
			isa = XCBuildConfiguration;
			buildSettings = {
				ASSETCATALOG_COMPILER_APPICON_NAME = AppIcon;
				DEVELOPMENT_TEAM = DSA52NNTU2;
				INFOPLIST_FILE = FaceIt/Info.plist;
				LD_RUNPATH_SEARCH_PATHS = "$(inherited) @executable_path/Frameworks";
				PRODUCT_BUNDLE_IDENTIFIER = edu.stanford.cs193p.chanhnguyen.FaceIt;
				PRODUCT_NAME = "$(TARGET_NAME)";
				SWIFT_VERSION = 3.0;
			};
			name = Debug;
		};
		8307A93E1E32908E00ABDAC3 /* Release */ = {
			isa = XCBuildConfiguration;
			buildSettings = {
				ASSETCATALOG_COMPILER_APPICON_NAME = AppIcon;
				DEVELOPMENT_TEAM = DSA52NNTU2;
				INFOPLIST_FILE = FaceIt/Info.plist;
				LD_RUNPATH_SEARCH_PATHS = "$(inherited) @executable_path/Frameworks";
				PRODUCT_BUNDLE_IDENTIFIER = edu.stanford.cs193p.chanhnguyen.FaceIt;
				PRODUCT_NAME = "$(TARGET_NAME)";
				SWIFT_VERSION = 3.0;
			};
			name = Release;
		};
/* End XCBuildConfiguration section */

/* Begin XCConfigurationList section */
		8307A9251E32908E00ABDAC3 /* Build configuration list for PBXProject "FaceIt" */ = {
			isa = XCConfigurationList;
			buildConfigurations = (
				8307A93A1E32908E00ABDAC3 /* Debug */,
				8307A93B1E32908E00ABDAC3 /* Release */,
			);
			defaultConfigurationIsVisible = 0;
			defaultConfigurationName = Release;
		};
		8307A93C1E32908E00ABDAC3 /* Build configuration list for PBXNativeTarget "FaceIt" */ = {
			isa = XCConfigurationList;
			buildConfigurations = (
				8307A93D1E32908E00ABDAC3 /* Debug */,
				8307A93E1E32908E00ABDAC3 /* Release */,
			);
			defaultConfigurationIsVisible = 0;
			defaultConfigurationName = Release;
		};
/* End XCConfigurationList section */
	};
	rootObject = 8307A9221E32908E00ABDAC3 /* Project object */;
}
